// !$*UTF8*$!
{
	archiveVersion = 1;
	classes = {
	};
	objectVersion = 50;
	objects = {

/* Begin PBXBuildFile section */
		58136C7620804E9E00857497 /* MainScreen.swift in Sources */ = {isa = PBXBuildFile; fileRef = 58136C7520804E9E00857497 /* MainScreen.swift */; };
		5857B4AF207DA3F500EC2C04 /* AppDelegate.swift in Sources */ = {isa = PBXBuildFile; fileRef = 5857B4AE207DA3F500EC2C04 /* AppDelegate.swift */; };
		5857B4B1207DA3F500EC2C04 /* ViewController.swift in Sources */ = {isa = PBXBuildFile; fileRef = 5857B4B0207DA3F500EC2C04 /* ViewController.swift */; };
		5857B4B4207DA3F500EC2C04 /* Main.storyboard in Resources */ = {isa = PBXBuildFile; fileRef = 5857B4B2207DA3F500EC2C04 /* Main.storyboard */; };
		5857B4B7207DA3F500EC2C04 /* _37Project.xcdatamodeld in Sources */ = {isa = PBXBuildFile; fileRef = 5857B4B5207DA3F500EC2C04 /* _37Project.xcdatamodeld */; };
		5857B4B9207DA3F600EC2C04 /* Assets.xcassets in Resources */ = {isa = PBXBuildFile; fileRef = 5857B4B8207DA3F600EC2C04 /* Assets.xcassets */; };
		5857B4BC207DA3F600EC2C04 /* LaunchScreen.storyboard in Resources */ = {isa = PBXBuildFile; fileRef = 5857B4BA207DA3F600EC2C04 /* LaunchScreen.storyboard */; };
		5857B4C7207DA3F700EC2C04 /* _37ProjectTests.swift in Sources */ = {isa = PBXBuildFile; fileRef = 5857B4C6207DA3F700EC2C04 /* _37ProjectTests.swift */; };
		5857B4D2207DA3F700EC2C04 /* _37ProjectUITests.swift in Sources */ = {isa = PBXBuildFile; fileRef = 5857B4D1207DA3F700EC2C04 /* _37ProjectUITests.swift */; };
/* End PBXBuildFile section */

/* Begin PBXContainerItemProxy section */
		5857B4C3207DA3F700EC2C04 /* PBXContainerItemProxy */ = {
			isa = PBXContainerItemProxy;
			containerPortal = 5857B4A3207DA3F400EC2C04 /* Project object */;
			proxyType = 1;
			remoteGlobalIDString = 5857B4AA207DA3F400EC2C04;
			remoteInfo = 137Project;
		};
		5857B4CE207DA3F700EC2C04 /* PBXContainerItemProxy */ = {
			isa = PBXContainerItemProxy;
			containerPortal = 5857B4A3207DA3F400EC2C04 /* Project object */;
			proxyType = 1;
			remoteGlobalIDString = 5857B4AA207DA3F400EC2C04;
			remoteInfo = 137Project;
		};
/* End PBXContainerItemProxy section */

/* Begin PBXFileReference section */
		58136C7520804E9E00857497 /* MainScreen.swift */ = {isa = PBXFileReference; lastKnownFileType = sourcecode.swift; path = MainScreen.swift; sourceTree = "<group>"; };
		5857B4AB207DA3F400EC2C04 /* 137Project.app */ = {isa = PBXFileReference; explicitFileType = wrapper.application; includeInIndex = 0; path = 137Project.app; sourceTree = BUILT_PRODUCTS_DIR; };
		5857B4AE207DA3F500EC2C04 /* AppDelegate.swift */ = {isa = PBXFileReference; lastKnownFileType = sourcecode.swift; path = AppDelegate.swift; sourceTree = "<group>"; };
		5857B4B0207DA3F500EC2C04 /* ViewController.swift */ = {isa = PBXFileReference; lastKnownFileType = sourcecode.swift; path = ViewController.swift; sourceTree = "<group>"; };
		5857B4B3207DA3F500EC2C04 /* Base */ = {isa = PBXFileReference; lastKnownFileType = file.storyboard; name = Base; path = Base.lproj/Main.storyboard; sourceTree = "<group>"; };
		5857B4B6207DA3F500EC2C04 /* _37Project.xcdatamodel */ = {isa = PBXFileReference; lastKnownFileType = wrapper.xcdatamodel; path = _37Project.xcdatamodel; sourceTree = "<group>"; };
		5857B4B8207DA3F600EC2C04 /* Assets.xcassets */ = {isa = PBXFileReference; lastKnownFileType = folder.assetcatalog; path = Assets.xcassets; sourceTree = "<group>"; };
		5857B4BB207DA3F600EC2C04 /* Base */ = {isa = PBXFileReference; lastKnownFileType = file.storyboard; name = Base; path = Base.lproj/LaunchScreen.storyboard; sourceTree = "<group>"; };
		5857B4BD207DA3F600EC2C04 /* Info.plist */ = {isa = PBXFileReference; lastKnownFileType = text.plist.xml; path = Info.plist; sourceTree = "<group>"; };
		5857B4C2207DA3F700EC2C04 /* 137ProjectTests.xctest */ = {isa = PBXFileReference; explicitFileType = wrapper.cfbundle; includeInIndex = 0; path = 137ProjectTests.xctest; sourceTree = BUILT_PRODUCTS_DIR; };
		5857B4C6207DA3F700EC2C04 /* _37ProjectTests.swift */ = {isa = PBXFileReference; lastKnownFileType = sourcecode.swift; path = _37ProjectTests.swift; sourceTree = "<group>"; };
		5857B4C8207DA3F700EC2C04 /* Info.plist */ = {isa = PBXFileReference; lastKnownFileType = text.plist.xml; path = Info.plist; sourceTree = "<group>"; };
		5857B4CD207DA3F700EC2C04 /* 137ProjectUITests.xctest */ = {isa = PBXFileReference; explicitFileType = wrapper.cfbundle; includeInIndex = 0; path = 137ProjectUITests.xctest; sourceTree = BUILT_PRODUCTS_DIR; };
		5857B4D1207DA3F700EC2C04 /* _37ProjectUITests.swift */ = {isa = PBXFileReference; lastKnownFileType = sourcecode.swift; path = _37ProjectUITests.swift; sourceTree = "<group>"; };
		5857B4D3207DA3F700EC2C04 /* Info.plist */ = {isa = PBXFileReference; lastKnownFileType = text.plist.xml; path = Info.plist; sourceTree = "<group>"; };
/* End PBXFileReference section */

/* Begin PBXFrameworksBuildPhase section */
		5857B4A8207DA3F400EC2C04 /* Frameworks */ = {
			isa = PBXFrameworksBuildPhase;
			buildActionMask = 2147483647;
			files = (
			);
			runOnlyForDeploymentPostprocessing = 0;
		};
		5857B4BF207DA3F700EC2C04 /* Frameworks */ = {
			isa = PBXFrameworksBuildPhase;
			buildActionMask = 2147483647;
			files = (
			);
			runOnlyForDeploymentPostprocessing = 0;
		};
		5857B4CA207DA3F700EC2C04 /* Frameworks */ = {
			isa = PBXFrameworksBuildPhase;
			buildActionMask = 2147483647;
			files = (
			);
			runOnlyForDeploymentPostprocessing = 0;
		};
/* End PBXFrameworksBuildPhase section */

/* Begin PBXGroup section */
		5857B4A2207DA3F400EC2C04 = {
			isa = PBXGroup;
			children = (
				5857B4AD207DA3F400EC2C04 /* 137Project */,
				5857B4C5207DA3F700EC2C04 /* 137ProjectTests */,
				5857B4D0207DA3F700EC2C04 /* 137ProjectUITests */,
				5857B4AC207DA3F400EC2C04 /* Products */,
			);
			sourceTree = "<group>";
		};
		5857B4AC207DA3F400EC2C04 /* Products */ = {
			isa = PBXGroup;
			children = (
				5857B4AB207DA3F400EC2C04 /* 137Project.app */,
				5857B4C2207DA3F700EC2C04 /* 137ProjectTests.xctest */,
				5857B4CD207DA3F700EC2C04 /* 137ProjectUITests.xctest */,
			);
			name = Products;
			sourceTree = "<group>";
		};
		5857B4AD207DA3F400EC2C04 /* 137Project */ = {
			isa = PBXGroup;
			children = (
				5857B4AE207DA3F500EC2C04 /* AppDelegate.swift */,
				5857B4B0207DA3F500EC2C04 /* ViewController.swift */,
				5857B4B2207DA3F500EC2C04 /* Main.storyboard */,
				5857B4B8207DA3F600EC2C04 /* Assets.xcassets */,
				5857B4BA207DA3F600EC2C04 /* LaunchScreen.storyboard */,
				5857B4BD207DA3F600EC2C04 /* Info.plist */,
				5857B4B5207DA3F500EC2C04 /* _37Project.xcdatamodeld */,
				58136C7520804E9E00857497 /* MainScreen.swift */,
			);
			path = 137Project;
			sourceTree = "<group>";
		};
		5857B4C5207DA3F700EC2C04 /* 137ProjectTests */ = {
			isa = PBXGroup;
			children = (
				5857B4C6207DA3F700EC2C04 /* _37ProjectTests.swift */,
				5857B4C8207DA3F700EC2C04 /* Info.plist */,
			);
			path = 137ProjectTests;
			sourceTree = "<group>";
		};
		5857B4D0207DA3F700EC2C04 /* 137ProjectUITests */ = {
			isa = PBXGroup;
			children = (
				5857B4D1207DA3F700EC2C04 /* _37ProjectUITests.swift */,
				5857B4D3207DA3F700EC2C04 /* Info.plist */,
			);
			path = 137ProjectUITests;
			sourceTree = "<group>";
		};
/* End PBXGroup section */

/* Begin PBXNativeTarget section */
		5857B4AA207DA3F400EC2C04 /* 137Project */ = {
			isa = PBXNativeTarget;
			buildConfigurationList = 5857B4D6207DA3F700EC2C04 /* Build configuration list for PBXNativeTarget "137Project" */;
			buildPhases = (
				5857B4A7207DA3F400EC2C04 /* Sources */,
				5857B4A8207DA3F400EC2C04 /* Frameworks */,
				5857B4A9207DA3F400EC2C04 /* Resources */,
			);
			buildRules = (
			);
			dependencies = (
			);
			name = 137Project;
			productName = 137Project;
			productReference = 5857B4AB207DA3F400EC2C04 /* 137Project.app */;
			productType = "com.apple.product-type.application";
		};
		5857B4C1207DA3F700EC2C04 /* 137ProjectTests */ = {
			isa = PBXNativeTarget;
			buildConfigurationList = 5857B4D9207DA3F700EC2C04 /* Build configuration list for PBXNativeTarget "137ProjectTests" */;
			buildPhases = (
				5857B4BE207DA3F700EC2C04 /* Sources */,
				5857B4BF207DA3F700EC2C04 /* Frameworks */,
				5857B4C0207DA3F700EC2C04 /* Resources */,
			);
			buildRules = (
			);
			dependencies = (
				5857B4C4207DA3F700EC2C04 /* PBXTargetDependency */,
			);
			name = 137ProjectTests;
			productName = 137ProjectTests;
			productReference = 5857B4C2207DA3F700EC2C04 /* 137ProjectTests.xctest */;
			productType = "com.apple.product-type.bundle.unit-test";
		};
		5857B4CC207DA3F700EC2C04 /* 137ProjectUITests */ = {
			isa = PBXNativeTarget;
			buildConfigurationList = 5857B4DC207DA3F700EC2C04 /* Build configuration list for PBXNativeTarget "137ProjectUITests" */;
			buildPhases = (
				5857B4C9207DA3F700EC2C04 /* Sources */,
				5857B4CA207DA3F700EC2C04 /* Frameworks */,
				5857B4CB207DA3F700EC2C04 /* Resources */,
			);
			buildRules = (
			);
			dependencies = (
				5857B4CF207DA3F700EC2C04 /* PBXTargetDependency */,
			);
			name = 137ProjectUITests;
			productName = 137ProjectUITests;
			productReference = 5857B4CD207DA3F700EC2C04 /* 137ProjectUITests.xctest */;
			productType = "com.apple.product-type.bundle.ui-testing";
		};
/* End PBXNativeTarget section */

/* Begin PBXProject section */
		5857B4A3207DA3F400EC2C04 /* Project object */ = {
			isa = PBXProject;
			attributes = {
				LastSwiftUpdateCheck = 0930;
				LastUpgradeCheck = 0930;
				ORGANIZATIONNAME = "guanghan sha";
				TargetAttributes = {
					5857B4AA207DA3F400EC2C04 = {
						CreatedOnToolsVersion = 9.3;
					};
					5857B4C1207DA3F700EC2C04 = {
						CreatedOnToolsVersion = 9.3;
						TestTargetID = 5857B4AA207DA3F400EC2C04;
					};
					5857B4CC207DA3F700EC2C04 = {
						CreatedOnToolsVersion = 9.3;
						TestTargetID = 5857B4AA207DA3F400EC2C04;
					};
				};
			};
			buildConfigurationList = 5857B4A6207DA3F400EC2C04 /* Build configuration list for PBXProject "137Project" */;
			compatibilityVersion = "Xcode 9.3";
			developmentRegion = en;
			hasScannedForEncodings = 0;
			knownRegions = (
				en,
				Base,
			);
			mainGroup = 5857B4A2207DA3F400EC2C04;
			productRefGroup = 5857B4AC207DA3F400EC2C04 /* Products */;
			projectDirPath = "";
			projectRoot = "";
			targets = (
				5857B4AA207DA3F400EC2C04 /* 137Project */,
				5857B4C1207DA3F700EC2C04 /* 137ProjectTests */,
				5857B4CC207DA3F700EC2C04 /* 137ProjectUITests */,
			);
		};
/* End PBXProject section */

/* Begin PBXResourcesBuildPhase section */
		5857B4A9207DA3F400EC2C04 /* Resources */ = {
			isa = PBXResourcesBuildPhase;
			buildActionMask = 2147483647;
			files = (
				5857B4BC207DA3F600EC2C04 /* LaunchScreen.storyboard in Resources */,
				5857B4B9207DA3F600EC2C04 /* Assets.xcassets in Resources */,
				5857B4B4207DA3F500EC2C04 /* Main.storyboard in Resources */,
			);
			runOnlyForDeploymentPostprocessing = 0;
		};
		5857B4C0207DA3F700EC2C04 /* Resources */ = {
			isa = PBXResourcesBuildPhase;
			buildActionMask = 2147483647;
			files = (
			);
			runOnlyForDeploymentPostprocessing = 0;
		};
		5857B4CB207DA3F700EC2C04 /* Resources */ = {
			isa = PBXResourcesBuildPhase;
			buildActionMask = 2147483647;
			files = (
			);
			runOnlyForDeploymentPostprocessing = 0;
		};
/* End PBXResourcesBuildPhase section */

/* Begin PBXSourcesBuildPhase section */
		5857B4A7207DA3F400EC2C04 /* Sources */ = {
			isa = PBXSourcesBuildPhase;
			buildActionMask = 2147483647;
			files = (
				58136C7620804E9E00857497 /* MainScreen.swift in Sources */,
				5857B4B1207DA3F500EC2C04 /* ViewController.swift in Sources */,
				5857B4B7207DA3F500EC2C04 /* _37Project.xcdatamodeld in Sources */,
				5857B4AF207DA3F500EC2C04 /* AppDelegate.swift in Sources */,
			);
			runOnlyForDeploymentPostprocessing = 0;
		};
		5857B4BE207DA3F700EC2C04 /* Sources */ = {
			isa = PBXSourcesBuildPhase;
			buildActionMask = 2147483647;
			files = (
				5857B4C7207DA3F700EC2C04 /* _37ProjectTests.swift in Sources */,
			);
			runOnlyForDeploymentPostprocessing = 0;
		};
		5857B4C9207DA3F700EC2C04 /* Sources */ = {
			isa = PBXSourcesBuildPhase;
			buildActionMask = 2147483647;
			files = (
				5857B4D2207DA3F700EC2C04 /* _37ProjectUITests.swift in Sources */,
			);
			runOnlyForDeploymentPostprocessing = 0;
		};
/* End PBXSourcesBuildPhase section */

/* Begin PBXTargetDependency section */
		5857B4C4207DA3F700EC2C04 /* PBXTargetDependency */ = {
			isa = PBXTargetDependency;
			target = 5857B4AA207DA3F400EC2C04 /* 137Project */;
			targetProxy = 5857B4C3207DA3F700EC2C04 /* PBXContainerItemProxy */;
		};
		5857B4CF207DA3F700EC2C04 /* PBXTargetDependency */ = {
			isa = PBXTargetDependency;
			target = 5857B4AA207DA3F400EC2C04 /* 137Project */;
			targetProxy = 5857B4CE207DA3F700EC2C04 /* PBXContainerItemProxy */;
		};
/* End PBXTargetDependency section */

/* Begin PBXVariantGroup section */
		5857B4B2207DA3F500EC2C04 /* Main.storyboard */ = {
			isa = PBXVariantGroup;
			children = (
				5857B4B3207DA3F500EC2C04 /* Base */,
			);
			name = Main.storyboard;
			sourceTree = "<group>";
		};
		5857B4BA207DA3F600EC2C04 /* LaunchScreen.storyboard */ = {
			isa = PBXVariantGroup;
			children = (
				5857B4BB207DA3F600EC2C04 /* Base */,
			);
			name = LaunchScreen.storyboard;
			sourceTree = "<group>";
		};
/* End PBXVariantGroup section */

/* Begin XCBuildConfiguration section */
		5857B4D4207DA3F700EC2C04 /* Debug */ = {
			isa = XCBuildConfiguration;
			buildSettings = {
				ALWAYS_SEARCH_USER_PATHS = NO;
				CLANG_ANALYZER_NONNULL = YES;
				CLANG_ANALYZER_NUMBER_OBJECT_CONVERSION = YES_AGGRESSIVE;
				CLANG_CXX_LANGUAGE_STANDARD = "gnu++14";
				CLANG_CXX_LIBRARY = "libc++";
				CLANG_ENABLE_MODULES = YES;
				CLANG_ENABLE_OBJC_ARC = YES;
				CLANG_ENABLE_OBJC_WEAK = YES;
				CLANG_WARN_BLOCK_CAPTURE_AUTORELEASING = YES;
				CLANG_WARN_BOOL_CONVERSION = YES;
				CLANG_WARN_COMMA = YES;
				CLANG_WARN_CONSTANT_CONVERSION = YES;
				CLANG_WARN_DEPRECATED_OBJC_IMPLEMENTATIONS = YES;
				CLANG_WARN_DIRECT_OBJC_ISA_USAGE = YES_ERROR;
				CLANG_WARN_DOCUMENTATION_COMMENTS = YES;
				CLANG_WARN_EMPTY_BODY = YES;
				CLANG_WARN_ENUM_CONVERSION = YES;
				CLANG_WARN_INFINITE_RECURSION = YES;
				CLANG_WARN_INT_CONVERSION = YES;
				CLANG_WARN_NON_LITERAL_NULL_CONVERSION = YES;
				CLANG_WARN_OBJC_IMPLICIT_RETAIN_SELF = YES;
				CLANG_WARN_OBJC_LITERAL_CONVERSION = YES;
				CLANG_WARN_OBJC_ROOT_CLASS = YES_ERROR;
				CLANG_WARN_RANGE_LOOP_ANALYSIS = YES;
				CLANG_WARN_STRICT_PROTOTYPES = YES;
				CLANG_WARN_SUSPICIOUS_MOVE = YES;
				CLANG_WARN_UNGUARDED_AVAILABILITY = YES_AGGRESSIVE;
				CLANG_WARN_UNREACHABLE_CODE = YES;
				CLANG_WARN__DUPLICATE_METHOD_MATCH = YES;
				CODE_SIGN_IDENTITY = "iPhone Developer";
				COPY_PHASE_STRIP = NO;
				DEBUG_INFORMATION_FORMAT = dwarf;
				ENABLE_STRICT_OBJC_MSGSEND = YES;
				ENABLE_TESTABILITY = YES;
				GCC_C_LANGUAGE_STANDARD = gnu11;
				GCC_DYNAMIC_NO_PIC = NO;
				GCC_NO_COMMON_BLOCKS = YES;
				GCC_OPTIMIZATION_LEVEL = 0;
				GCC_PREPROCESSOR_DEFINITIONS = (
					"DEBUG=1",
					"$(inherited)",
				);
				GCC_WARN_64_TO_32_BIT_CONVERSION = YES;
				GCC_WARN_ABOUT_RETURN_TYPE = YES_ERROR;
				GCC_WARN_UNDECLARED_SELECTOR = YES;
				GCC_WARN_UNINITIALIZED_AUTOS = YES_AGGRESSIVE;
				GCC_WARN_UNUSED_FUNCTION = YES;
				GCC_WARN_UNUSED_VARIABLE = YES;
				IPHONEOS_DEPLOYMENT_TARGET = 11.3;
				MTL_ENABLE_DEBUG_INFO = YES;
				ONLY_ACTIVE_ARCH = YES;
				SDKROOT = iphoneos;
				SWIFT_ACTIVE_COMPILATION_CONDITIONS = DEBUG;
				SWIFT_OPTIMIZATION_LEVEL = "-Onone";
			};
			name = Debug;
		};
		5857B4D5207DA3F700EC2C04 /* Release */ = {
			isa = XCBuildConfiguration;
			buildSettings = {
				ALWAYS_SEARCH_USER_PATHS = NO;
				CLANG_ANALYZER_NONNULL = YES;
				CLANG_ANALYZER_NUMBER_OBJECT_CONVERSION = YES_AGGRESSIVE;
				CLANG_CXX_LANGUAGE_STANDARD = "gnu++14";
				CLANG_CXX_LIBRARY = "libc++";
				CLANG_ENABLE_MODULES = YES;
				CLANG_ENABLE_OBJC_ARC = YES;
				CLANG_ENABLE_OBJC_WEAK = YES;
				CLANG_WARN_BLOCK_CAPTURE_AUTORELEASING = YES;
				CLANG_WARN_BOOL_CONVERSION = YES;
				CLANG_WARN_COMMA = YES;
				CLANG_WARN_CONSTANT_CONVERSION = YES;
				CLANG_WARN_DEPRECATED_OBJC_IMPLEMENTATIONS = YES;
				CLANG_WARN_DIRECT_OBJC_ISA_USAGE = YES_ERROR;
				CLANG_WARN_DOCUMENTATION_COMMENTS = YES;
				CLANG_WARN_EMPTY_BODY = YES;
				CLANG_WARN_ENUM_CONVERSION = YES;
				CLANG_WARN_INFINITE_RECURSION = YES;
				CLANG_WARN_INT_CONVERSION = YES;
				CLANG_WARN_NON_LITERAL_NULL_CONVERSION = YES;
				CLANG_WARN_OBJC_IMPLICIT_RETAIN_SELF = YES;
				CLANG_WARN_OBJC_LITERAL_CONVERSION = YES;
				CLANG_WARN_OBJC_ROOT_CLASS = YES_ERROR;
				CLANG_WARN_RANGE_LOOP_ANALYSIS = YES;
				CLANG_WARN_STRICT_PROTOTYPES = YES;
				CLANG_WARN_SUSPICIOUS_MOVE = YES;
				CLANG_WARN_UNGUARDED_AVAILABILITY = YES_AGGRESSIVE;
				CLANG_WARN_UNREACHABLE_CODE = YES;
				CLANG_WARN__DUPLICATE_METHOD_MATCH = YES;
				CODE_SIGN_IDENTITY = "iPhone Developer";
				COPY_PHASE_STRIP = NO;
				DEBUG_INFORMATION_FORMAT = "dwarf-with-dsym";
				ENABLE_NS_ASSERTIONS = NO;
				ENABLE_STRICT_OBJC_MSGSEND = YES;
				GCC_C_LANGUAGE_STANDARD = gnu11;
				GCC_NO_COMMON_BLOCKS = YES;
				GCC_WARN_64_TO_32_BIT_CONVERSION = YES;
				GCC_WARN_ABOUT_RETURN_TYPE = YES_ERROR;
				GCC_WARN_UNDECLARED_SELECTOR = YES;
				GCC_WARN_UNINITIALIZED_AUTOS = YES_AGGRESSIVE;
				GCC_WARN_UNUSED_FUNCTION = YES;
				GCC_WARN_UNUSED_VARIABLE = YES;
				IPHONEOS_DEPLOYMENT_TARGET = 11.3;
				MTL_ENABLE_DEBUG_INFO = NO;
				SDKROOT = iphoneos;
				SWIFT_COMPILATION_MODE = wholemodule;
				SWIFT_OPTIMIZATION_LEVEL = "-O";
				VALIDATE_PRODUCT = YES;
			};
			name = Release;
		};
		5857B4D7207DA3F700EC2C04 /* Debug */ = {
			isa = XCBuildConfiguration;
			buildSettings = {
				ASSETCATALOG_COMPILER_APPICON_NAME = AppIcon;
				CODE_SIGN_STYLE = Automatic;
				DEVELOPMENT_TEAM = 6WA6Y7KBQJ;
				INFOPLIST_FILE = 137Project/Info.plist;
				LD_RUNPATH_SEARCH_PATHS = (
					"$(inherited)",
					"@executable_path/Frameworks",
				);
				PRODUCT_BUNDLE_IDENTIFIER = "chio-lao.-37Project";
				PRODUCT_NAME = "$(TARGET_NAME)";
				SWIFT_VERSION = 4.0;
				TARGETED_DEVICE_FAMILY = "1,2";
			};
			name = Debug;
		};
		5857B4D8207DA3F700EC2C04 /* Release */ = {
			isa = XCBuildConfiguration;
			buildSettings = {
				ASSETCATALOG_COMPILER_APPICON_NAME = AppIcon;
				CODE_SIGN_STYLE = Automatic;
				DEVELOPMENT_TEAM = 6WA6Y7KBQJ;
				INFOPLIST_FILE = 137Project/Info.plist;
				LD_RUNPATH_SEARCH_PATHS = (
					"$(inherited)",
					"@executable_path/Frameworks",
				);
				PRODUCT_BUNDLE_IDENTIFIER = "chio-lao.-37Project";
				PRODUCT_NAME = "$(TARGET_NAME)";
				SWIFT_VERSION = 4.0;
				TARGETED_DEVICE_FAMILY = "1,2";
			};
			name = Release;
		};
		5857B4DA207DA3F700EC2C04 /* Debug */ = {
			isa = XCBuildConfiguration;
			buildSettings = {
				ALWAYS_EMBED_SWIFT_STANDARD_LIBRARIES = YES;
				BUNDLE_LOADER = "$(TEST_HOST)";
				CODE_SIGN_STYLE = Automatic;
				DEVELOPMENT_TEAM = 6WA6Y7KBQJ;
				INFOPLIST_FILE = 137ProjectTests/Info.plist;
				LD_RUNPATH_SEARCH_PATHS = (
					"$(inherited)",
					"@executable_path/Frameworks",
					"@loader_path/Frameworks",
				);
				PRODUCT_BUNDLE_IDENTIFIER = "chio-lao.-37ProjectTests";
				PRODUCT_NAME = "$(TARGET_NAME)";
				SWIFT_VERSION = 4.0;
				TARGETED_DEVICE_FAMILY = "1,2";
				TEST_HOST = "$(BUILT_PRODUCTS_DIR)/137Project.app/137Project";
			};
			name = Debug;
		};
		5857B4DB207DA3F700EC2C04 /* Release */ = {
			isa = XCBuildConfiguration;
			buildSettings = {
				ALWAYS_EMBED_SWIFT_STANDARD_LIBRARIES = YES;
				BUNDLE_LOADER = "$(TEST_HOST)";
				CODE_SIGN_STYLE = Automatic;
				DEVELOPMENT_TEAM = 6WA6Y7KBQJ;
				INFOPLIST_FILE = 137ProjectTests/Info.plist;
				LD_RUNPATH_SEARCH_PATHS = (
					"$(inherited)",
					"@executable_path/Frameworks",
					"@loader_path/Frameworks",
				);
				PRODUCT_BUNDLE_IDENTIFIER = "chio-lao.-37ProjectTests";
				PRODUCT_NAME = "$(TARGET_NAME)";
				SWIFT_VERSION = 4.0;
				TARGETED_DEVICE_FAMILY = "1,2";
				TEST_HOST = "$(BUILT_PRODUCTS_DIR)/137Project.app/137Project";
			};
			name = Release;
		};
		5857B4DD207DA3F700EC2C04 /* Debug */ = {
			isa = XCBuildConfiguration;
			buildSettings = {
				ALWAYS_EMBED_SWIFT_STANDARD_LIBRARIES = YES;
				CODE_SIGN_STYLE = Automatic;
				DEVELOPMENT_TEAM = 6WA6Y7KBQJ;
				INFOPLIST_FILE = 137ProjectUITests/Info.plist;
				LD_RUNPATH_SEARCH_PATHS = (
					"$(inherited)",
					"@executable_path/Frameworks",
					"@loader_path/Frameworks",
				);
				PRODUCT_BUNDLE_IDENTIFIER = "chio-lao.-37ProjectUITests";
				PRODUCT_NAME = "$(TARGET_NAME)";
				SWIFT_VERSION = 4.0;
				TARGETED_DEVICE_FAMILY = "1,2";
				TEST_TARGET_NAME = 137Project;
			};
			name = Debug;
		};
		5857B4DE207DA3F700EC2C04 /* Release */ = {
			isa = XCBuildConfiguration;
			buildSettings = {
				ALWAYS_EMBED_SWIFT_STANDARD_LIBRARIES = YES;
				CODE_SIGN_STYLE = Automatic;
				DEVELOPMENT_TEAM = 6WA6Y7KBQJ;
				INFOPLIST_FILE = 137ProjectUITests/Info.plist;
				LD_RUNPATH_SEARCH_PATHS = (
					"$(inherited)",
					"@executable_path/Frameworks",
					"@loader_path/Frameworks",
				);
				PRODUCT_BUNDLE_IDENTIFIER = "chio-lao.-37ProjectUITests";
				PRODUCT_NAME = "$(TARGET_NAME)";
				SWIFT_VERSION = 4.0;
				TARGETED_DEVICE_FAMILY = "1,2";
				TEST_TARGET_NAME = 137Project;
			};
			name = Release;
		};
/* End XCBuildConfiguration section */

/* Begin XCConfigurationList section */
		5857B4A6207DA3F400EC2C04 /* Build configuration list for PBXProject "137Project" */ = {
			isa = XCConfigurationList;
			buildConfigurations = (
				5857B4D4207DA3F700EC2C04 /* Debug */,
				5857B4D5207DA3F700EC2C04 /* Release */,
			);
			defaultConfigurationIsVisible = 0;
			defaultConfigurationName = Release;
		};
		5857B4D6207DA3F700EC2C04 /* Build configuration list for PBXNativeTarget "137Project" */ = {
			isa = XCConfigurationList;
			buildConfigurations = (
				5857B4D7207DA3F700EC2C04 /* Debug */,
				5857B4D8207DA3F700EC2C04 /* Release */,
			);
			defaultConfigurationIsVisible = 0;
			defaultConfigurationName = Release;
		};
		5857B4D9207DA3F700EC2C04 /* Build configuration list for PBXNativeTarget "137ProjectTests" */ = {
			isa = XCConfigurationList;
			buildConfigurations = (
				5857B4DA207DA3F700EC2C04 /* Debug */,
				5857B4DB207DA3F700EC2C04 /* Release */,
			);
			defaultConfigurationIsVisible = 0;
			defaultConfigurationName = Release;
		};
		5857B4DC207DA3F700EC2C04 /* Build configuration list for PBXNativeTarget "137ProjectUITests" */ = {
			isa = XCConfigurationList;
			buildConfigurations = (
				5857B4DD207DA3F700EC2C04 /* Debug */,
				5857B4DE207DA3F700EC2C04 /* Release */,
			);
			defaultConfigurationIsVisible = 0;
			defaultConfigurationName = Release;
		};
/* End XCConfigurationList section */

/* Begin XCVersionGroup section */
		5857B4B5207DA3F500EC2C04 /* _37Project.xcdatamodeld */ = {
			isa = XCVersionGroup;
			children = (
				5857B4B6207DA3F500EC2C04 /* _37Project.xcdatamodel */,
			);
			currentVersion = 5857B4B6207DA3F500EC2C04 /* _37Project.xcdatamodel */;
			path = _37Project.xcdatamodeld;
			sourceTree = "<group>";
			versionGroupType = wrapper.xcdatamodel;
		};
/* End XCVersionGroup section */
	};
	rootObject = 5857B4A3207DA3F400EC2C04 /* Project object */;
}
